
Microsoft Visual Studio Solution File, Format Version 12.00
# Visual Studio Version 17
VisualStudioVersion = 17.11.35222.181
MinimumVisualStudioVersion = 10.0.40219.1
Project("{9A19103F-16F7-4668-BE54-9A1E7A4F7556}") = "ConfigurationManagementSystem", "ConfigurationManagementSystem\ConfigurationManagementSystem.csproj", "{28881658-7616-47E9-BF68-BF39AC184851}"
EndProject
Project("{9A19103F-16F7-4668-BE54-9A1E7A4F7556}") = "Databases", "Databases\Databases.csproj", "{EE8D5F6B-F03E-4B5C-A242-8D5D80780FA9}"
EndProject
Global
	GlobalSection(SolutionConfigurationPlatforms) = preSolution
		Debug|Any CPU = Debug|Any CPU
		Release|Any CPU = Release|Any CPU
	EndGlobalSection
	GlobalSection(ProjectConfigurationPlatforms) = postSolution
		{28881658-7616-47E9-BF68-BF39AC184851}.Debug|Any CPU.ActiveCfg = Debug|Any CPU
		{28881658-7616-47E9-BF68-BF39AC184851}.Debug|Any CPU.Build.0 = Debug|Any CPU
		{28881658-7616-47E9-BF68-BF39AC184851}.Release|Any CPU.ActiveCfg = Release|Any CPU
		{28881658-7616-47E9-BF68-BF39AC184851}.Release|Any CPU.Build.0 = Release|Any CPU
		{EE8D5F6B-F03E-4B5C-A242-8D5D80780FA9}.Debug|Any CPU.ActiveCfg = Debug|Any CPU
		{EE8D5F6B-F03E-4B5C-A242-8D5D80780FA9}.Debug|Any CPU.Build.0 = Debug|Any CPU
		{EE8D5F6B-F03E-4B5C-A242-8D5D80780FA9}.Release|Any CPU.ActiveCfg = Release|Any CPU
		{EE8D5F6B-F03E-4B5C-A242-8D5D80780FA9}.Release|Any CPU.Build.0 = Release|Any CPU
	EndGlobalSection
	GlobalSection(SolutionProperties) = preSolution
		HideSolutionNode = FALSE
	EndGlobalSection
	GlobalSection(ExtensibilityGlobals) = postSolution
		SolutionGuid = {54607377-AFC2-4B24-91DD-8F262017EAA0}
	EndGlobalSection
EndGlobal
